
Microsoft Visual Studio Solution File, Format Version 12.00
# Visual Studio 14
VisualStudioVersion = 14.0.25420.1
MinimumVisualStudioVersion = 10.0.40219.1
Project("{D4B43EB3-688B-4EEE-86BD-088F0B28ABB3}") = "Community.ManagementPackCatalog", "Community.ManagementPackCatalog\Community.ManagementPackCatalog.mpproj", "{E429C4E9-992E-4D31-983C-3DF86BB16A16}"
EndProject
Project("{FAE04EC0-301F-11D3-BF4B-00C04F79EFBC}") = "Community.ManagementPackCatalog.UI", "Community.ManagementPackCatalog.UI\Community.ManagementPackCatalog.UI.csproj", "{45DDF146-82D2-4039-BF2E-396406515CB5}"
EndProject
Project("{2150E333-8FDC-42A3-9474-1A3956D46DE8}") = "Solution Items", "Solution Items", "{A7341ED1-56EB-49F8-A6A5-49104715ECA2}"
	ProjectSection(SolutionItems) = preProject
		Community Management Pack Catalog.md = Community Management Pack Catalog.md
		Documentation\GitHub Management Pack Detail Entry.md = Documentation\GitHub Management Pack Detail Entry.md
		Documentation\GitHub Management Pack Index.md = Documentation\GitHub Management Pack Index.md
		Community.ManagementPackCatalog.UI\Community.Key.snk = Community.ManagementPackCatalog.UI\Community.Key.snk
	EndProjectSection
EndProject
Project("{FAE04EC0-301F-11D3-BF4B-00C04F79EFBC}") = "WpfTestingApp", "WpfTestingApp\WpfTestingApp.csproj", "{C97083AD-C6FC-47EA-A8D0-B840C43CA420}"
EndProject
Project("{D4B43EB3-688B-4EEE-86BD-088F0B28ABB3}") = "Community.ManagementPackCatalog.Configuration", "Community.ManagementPackCatalog.Configuration\Community.ManagementPackCatalog.Configuration.mpproj", "{E690BA0E-78F6-4024-AE94-63FDE335F0B3}"
EndProject
Global
	GlobalSection(SolutionConfigurationPlatforms) = preSolution
		Debug|Any CPU = Debug|Any CPU
		Debug|x86 = Debug|x86
		Release|Any CPU = Release|Any CPU
		Release|x86 = Release|x86
	EndGlobalSection
	GlobalSection(ProjectConfigurationPlatforms) = postSolution
		{E429C4E9-992E-4D31-983C-3DF86BB16A16}.Debug|Any CPU.ActiveCfg = Debug|x86
		{E429C4E9-992E-4D31-983C-3DF86BB16A16}.Debug|Any CPU.Build.0 = Debug|x86
		{E429C4E9-992E-4D31-983C-3DF86BB16A16}.Debug|x86.ActiveCfg = Debug|x86
		{E429C4E9-992E-4D31-983C-3DF86BB16A16}.Debug|x86.Build.0 = Debug|x86
		{E429C4E9-992E-4D31-983C-3DF86BB16A16}.Release|Any CPU.ActiveCfg = Release|x86
		{E429C4E9-992E-4D31-983C-3DF86BB16A16}.Release|Any CPU.Build.0 = Release|x86
		{E429C4E9-992E-4D31-983C-3DF86BB16A16}.Release|x86.ActiveCfg = Release|x86
		{E429C4E9-992E-4D31-983C-3DF86BB16A16}.Release|x86.Build.0 = Release|x86
		{45DDF146-82D2-4039-BF2E-396406515CB5}.Debug|Any CPU.ActiveCfg = Debug|Any CPU
		{45DDF146-82D2-4039-BF2E-396406515CB5}.Debug|Any CPU.Build.0 = Debug|Any CPU
		{45DDF146-82D2-4039-BF2E-396406515CB5}.Debug|x86.ActiveCfg = Debug|Any CPU
		{45DDF146-82D2-4039-BF2E-396406515CB5}.Debug|x86.Build.0 = Debug|Any CPU
		{45DDF146-82D2-4039-BF2E-396406515CB5}.Release|Any CPU.ActiveCfg = Release|Any CPU
		{45DDF146-82D2-4039-BF2E-396406515CB5}.Release|Any CPU.Build.0 = Release|Any CPU
		{45DDF146-82D2-4039-BF2E-396406515CB5}.Release|x86.ActiveCfg = Release|Any CPU
		{45DDF146-82D2-4039-BF2E-396406515CB5}.Release|x86.Build.0 = Release|Any CPU
		{C97083AD-C6FC-47EA-A8D0-B840C43CA420}.Debug|Any CPU.ActiveCfg = Debug|Any CPU
		{C97083AD-C6FC-47EA-A8D0-B840C43CA420}.Debug|Any CPU.Build.0 = Debug|Any CPU
		{C97083AD-C6FC-47EA-A8D0-B840C43CA420}.Debug|x86.ActiveCfg = Debug|Any CPU
		{C97083AD-C6FC-47EA-A8D0-B840C43CA420}.Debug|x86.Build.0 = Debug|Any CPU
		{C97083AD-C6FC-47EA-A8D0-B840C43CA420}.Release|Any CPU.ActiveCfg = Release|Any CPU
		{C97083AD-C6FC-47EA-A8D0-B840C43CA420}.Release|Any CPU.Build.0 = Release|Any CPU
		{C97083AD-C6FC-47EA-A8D0-B840C43CA420}.Release|x86.ActiveCfg = Release|Any CPU
		{C97083AD-C6FC-47EA-A8D0-B840C43CA420}.Release|x86.Build.0 = Release|Any CPU
		{E690BA0E-78F6-4024-AE94-63FDE335F0B3}.Debug|Any CPU.ActiveCfg = Debug|x86
		{E690BA0E-78F6-4024-AE94-63FDE335F0B3}.Debug|x86.ActiveCfg = Debug|x86
		{E690BA0E-78F6-4024-AE94-63FDE335F0B3}.Debug|x86.Build.0 = Debug|x86
		{E690BA0E-78F6-4024-AE94-63FDE335F0B3}.Release|Any CPU.ActiveCfg = Release|x86
		{E690BA0E-78F6-4024-AE94-63FDE335F0B3}.Release|x86.ActiveCfg = Release|x86
		{E690BA0E-78F6-4024-AE94-63FDE335F0B3}.Release|x86.Build.0 = Release|x86
	EndGlobalSection
	GlobalSection(SolutionProperties) = preSolution
		HideSolutionNode = FALSE
	EndGlobalSection
EndGlobal
